# THIS IS AN AUTOGENERATED FILE. DO NOT EDIT THIS FILE DIRECTLY.
# yarn lockfile v1


"@popperjs/core@^2.6.0":
  version "2.6.0"
  resolved "https://registry.yarnpkg.com/@popperjs/core/-/core-2.6.0.tgz#f022195afdfc942e088ee2101285a1d31c7d727f"
  integrity sha512-cPqjjzuFWNK3BSKLm0abspP0sp/IGOli4p5I5fKFAzdS8fvjdOwDCfZqAaIiXd9lPkOWi3SUUfZof3hEb7J/uw==
